
Microsoft Visual Studio Solution File, Format Version 12.00
# Visual Studio Version 17
VisualStudioVersion = 17.5.002.0
MinimumVisualStudioVersion = 10.0.40219.1
Project("{9A19103F-16F7-4668-BE54-9A1E7A4F7556}") = "NinetiesTV", "NinetiesTV.csproj", "{14E22950-A3F3-4CDC-A8EF-617FB9179DFC}"
EndProject
Global
	GlobalSection(SolutionConfigurationPlatforms) = preSolution
		Debug|Any CPU = Debug|Any CPU
		Release|Any CPU = Release|Any CPU
	EndGlobalSection
	GlobalSection(ProjectConfigurationPlatforms) = postSolution
		{14E22950-A3F3-4CDC-A8EF-617FB9179DFC}.Debug|Any CPU.ActiveCfg = Debug|Any CPU
		{14E22950-A3F3-4CDC-A8EF-617FB9179DFC}.Debug|Any CPU.Build.0 = Debug|Any CPU
		{14E22950-A3F3-4CDC-A8EF-617FB9179DFC}.Release|Any CPU.ActiveCfg = Release|Any CPU
		{14E22950-A3F3-4CDC-A8EF-617FB9179DFC}.Release|Any CPU.Build.0 = Release|Any CPU
	EndGlobalSection
	GlobalSection(SolutionProperties) = preSolution
		HideSolutionNode = FALSE
	EndGlobalSection
	GlobalSection(ExtensibilityGlobals) = postSolution
		SolutionGuid = {1056E437-1B35-486C-B4C9-CAE7BA73516E}
	EndGlobalSection
EndGlobal
